
Microsoft Visual Studio Solution File, Format Version 12.00
# Visual Studio Version 16
VisualStudioVersion = 16.0.30104.148
MinimumVisualStudioVersion = 10.0.40219.1
Project("{FAE04EC0-301F-11D3-BF4B-00C04F79EFBC}") = "SporS_Uye_Takip", "SporS_Uye_Takip\SporS_Uye_Takip.csproj", "{7A347DC3-A0A5-4689-869F-53FA9D877211}"
EndProject
Global
	GlobalSection(SolutionConfigurationPlatforms) = preSolution
		Debug|Any CPU = Debug|Any CPU
		Release|Any CPU = Release|Any CPU
	EndGlobalSection
	GlobalSection(ProjectConfigurationPlatforms) = postSolution
		{7A347DC3-A0A5-4689-869F-53FA9D877211}.Debug|Any CPU.ActiveCfg = Debug|Any CPU
		{7A347DC3-A0A5-4689-869F-53FA9D877211}.Debug|Any CPU.Build.0 = Debug|Any CPU
		{7A347DC3-A0A5-4689-869F-53FA9D877211}.Release|Any CPU.ActiveCfg = Release|Any CPU
		{7A347DC3-A0A5-4689-869F-53FA9D877211}.Release|Any CPU.Build.0 = Release|Any CPU
	EndGlobalSection
	GlobalSection(SolutionProperties) = preSolution
		HideSolutionNode = FALSE
	EndGlobalSection
	GlobalSection(ExtensibilityGlobals) = postSolution
		SolutionGuid = {B3ABDAF3-2FE1-41D7-ACE7-24D50B074D78}
	EndGlobalSection
EndGlobal
